
Microsoft Visual Studio Solution File, Format Version 12.00
# Visual Studio 15
VisualStudioVersion = 15.0.27130.2020
MinimumVisualStudioVersion = 10.0.40219.1
Project("{FAE04EC0-301F-11D3-BF4B-00C04F79EFBC}") = "Connect.Testing.Koi", "Connect.Testing.Koi\Connect.Testing.Koi.csproj", "{DB6C089E-D8C1-4316-AE0D-4E765FC26729}"
EndProject
Project("{FAE04EC0-301F-11D3-BF4B-00C04F79EFBC}") = "Connect.Dnn.Koi", "Connect.Dnn.Koi\Connect.Dnn.Koi.csproj", "{7D61A32C-0F21-453F-A981-BD8E5A3A5304}"
EndProject
Project("{9A19103F-16F7-4668-BE54-9A1E7A4F7556}") = "Connect.Koi", "Connect.Koi\Connect.Koi.csproj", "{634DD8BA-4183-4CFB-83C2-97F1EAD17330}"
EndProject
Project("{FAE04EC0-301F-11D3-BF4B-00C04F79EFBC}") = "Connect.Testing.Koi.Polymorphism", "Connect.Testing.Koi.Polymorphism\Connect.Testing.Koi.Polymorphism.csproj", "{835CBAA6-22AB-4B46-A838-4136677A8256}"
EndProject
Global
	GlobalSection(SolutionConfigurationPlatforms) = preSolution
		Debug|Any CPU = Debug|Any CPU
		Release|Any CPU = Release|Any CPU
	EndGlobalSection
	GlobalSection(ProjectConfigurationPlatforms) = postSolution
		{DB6C089E-D8C1-4316-AE0D-4E765FC26729}.Debug|Any CPU.ActiveCfg = Debug|Any CPU
		{DB6C089E-D8C1-4316-AE0D-4E765FC26729}.Debug|Any CPU.Build.0 = Debug|Any CPU
		{DB6C089E-D8C1-4316-AE0D-4E765FC26729}.Release|Any CPU.ActiveCfg = Release|Any CPU
		{DB6C089E-D8C1-4316-AE0D-4E765FC26729}.Release|Any CPU.Build.0 = Release|Any CPU
		{7D61A32C-0F21-453F-A981-BD8E5A3A5304}.Debug|Any CPU.ActiveCfg = Debug|Any CPU
		{7D61A32C-0F21-453F-A981-BD8E5A3A5304}.Debug|Any CPU.Build.0 = Debug|Any CPU
		{7D61A32C-0F21-453F-A981-BD8E5A3A5304}.Release|Any CPU.ActiveCfg = Release|Any CPU
		{7D61A32C-0F21-453F-A981-BD8E5A3A5304}.Release|Any CPU.Build.0 = Release|Any CPU
		{634DD8BA-4183-4CFB-83C2-97F1EAD17330}.Debug|Any CPU.ActiveCfg = Debug|Any CPU
		{634DD8BA-4183-4CFB-83C2-97F1EAD17330}.Debug|Any CPU.Build.0 = Debug|Any CPU
		{634DD8BA-4183-4CFB-83C2-97F1EAD17330}.Release|Any CPU.ActiveCfg = Release|Any CPU
		{634DD8BA-4183-4CFB-83C2-97F1EAD17330}.Release|Any CPU.Build.0 = Release|Any CPU
		{835CBAA6-22AB-4B46-A838-4136677A8256}.Debug|Any CPU.ActiveCfg = Debug|Any CPU
		{835CBAA6-22AB-4B46-A838-4136677A8256}.Debug|Any CPU.Build.0 = Debug|Any CPU
		{835CBAA6-22AB-4B46-A838-4136677A8256}.Release|Any CPU.ActiveCfg = Release|Any CPU
		{835CBAA6-22AB-4B46-A838-4136677A8256}.Release|Any CPU.Build.0 = Release|Any CPU
	EndGlobalSection
	GlobalSection(SolutionProperties) = preSolution
		HideSolutionNode = FALSE
	EndGlobalSection
	GlobalSection(ExtensibilityGlobals) = postSolution
		SolutionGuid = {85CAE2DD-F916-4C72-A5E1-E0D68FA1B4E2}
	EndGlobalSection
EndGlobal
